
Microsoft Visual Studio Solution File, Format Version 12.00
# Visual Studio Version 17
VisualStudioVersion = 17.3.32825.248
MinimumVisualStudioVersion = 10.0.40219.1
Project("{FAE04EC0-301F-11D3-BF4B-00C04F79EFBC}") = "WFEjercicios", "WFEjercicios\WFEjercicios.csproj", "{95AE9A2F-0788-4604-8921-EE548395C411}"
EndProject
Global
	GlobalSection(SolutionConfigurationPlatforms) = preSolution
		Debug|Any CPU = Debug|Any CPU
		Release|Any CPU = Release|Any CPU
	EndGlobalSection
	GlobalSection(ProjectConfigurationPlatforms) = postSolution
		{95AE9A2F-0788-4604-8921-EE548395C411}.Debug|Any CPU.ActiveCfg = Debug|Any CPU
		{95AE9A2F-0788-4604-8921-EE548395C411}.Debug|Any CPU.Build.0 = Debug|Any CPU
		{95AE9A2F-0788-4604-8921-EE548395C411}.Release|Any CPU.ActiveCfg = Release|Any CPU
		{95AE9A2F-0788-4604-8921-EE548395C411}.Release|Any CPU.Build.0 = Release|Any CPU
	EndGlobalSection
	GlobalSection(SolutionProperties) = preSolution
		HideSolutionNode = FALSE
	EndGlobalSection
	GlobalSection(ExtensibilityGlobals) = postSolution
		SolutionGuid = {BB986782-9AC7-4AB9-950C-D2FB17C0D370}
	EndGlobalSection
EndGlobal
