
Microsoft Visual Studio Solution File, Format Version 12.00
# Visual Studio Version 17
VisualStudioVersion = 17.3.32929.385
MinimumVisualStudioVersion = 10.0.40219.1
Project("{FAE04EC0-301F-11D3-BF4B-00C04F79EFBC}") = "ExamenPrueba", "ExamenPrueba\ExamenPrueba.csproj", "{8AC77D61-0D63-48C5-8B8C-797A62504961}"
EndProject
Global
	GlobalSection(SolutionConfigurationPlatforms) = preSolution
		Debug|Any CPU = Debug|Any CPU
		Release|Any CPU = Release|Any CPU
	EndGlobalSection
	GlobalSection(ProjectConfigurationPlatforms) = postSolution
		{8AC77D61-0D63-48C5-8B8C-797A62504961}.Debug|Any CPU.ActiveCfg = Debug|Any CPU
		{8AC77D61-0D63-48C5-8B8C-797A62504961}.Debug|Any CPU.Build.0 = Debug|Any CPU
		{8AC77D61-0D63-48C5-8B8C-797A62504961}.Release|Any CPU.ActiveCfg = Release|Any CPU
		{8AC77D61-0D63-48C5-8B8C-797A62504961}.Release|Any CPU.Build.0 = Release|Any CPU
	EndGlobalSection
	GlobalSection(SolutionProperties) = preSolution
		HideSolutionNode = FALSE
	EndGlobalSection
	GlobalSection(ExtensibilityGlobals) = postSolution
		SolutionGuid = {78D566B0-DFB9-484C-B1AD-B6FF2CC27242}
	EndGlobalSection
EndGlobal
